{
  "nodes": {
    "claude-desktop": {
      "inputs": {
        "flake-utils": "flake-utils",
        "nixpkgs": "nixpkgs"
      },
      "locked": {
        "lastModified": 1764098187,
        "narHash": "sha256-H6JjWXhKqxZ8QLMoqndZx9e5x0Sv5AiipSmqvIxIbgo=",
        "owner": "k3d3",
        "repo": "claude-desktop-linux-flake",
        "rev": "b2b040cb68231d2118906507d9cc8fd181ca6308",
        "type": "github"
      },
      "original": {
        "owner": "k3d3",
        "repo": "claude-desktop-linux-flake",
        "type": "github"
      }
    },
    "flake-utils": {
      "inputs": {
        "systems": "systems"
      },
      "locked": {
        "lastModified": 1731533236,
        "narHash": "sha256-l0KFg5HjrsfsO/JpG+r7fRrqm12kzFHyUHqHCVpMMbI=",
        "owner": "numtide",
        "repo": "flake-utils",
        "rev": "11707dc2f618dd54ca8739b309ec4fc024de578b",
        "type": "github"
      },
      "original": {
        "owner": "numtide",
        "repo": "flake-utils",
        "type": "github"
      }
    },
    "home-manager": {
      "inputs": {
        "nixpkgs": [
          "nixpkgs"
        ]
      },
      "locked": {
        "lastModified": 1787377438,
        "narHash": "sha256-Sxu1NLTD/Ern6hFGLlZmtKCSct3YQXZI/lls8RE1XeM=",
        "owner": "nix-community",
        "repo": "home-manager",
        "rev": "65258d5c65a250189fde2e35f490d15e064c4c62",
        "type": "github"
      },
      "original": {
        "owner": "nix-community",
        "ref": "release-26.05",
        "repo": "home-manager",
        "type": "github"
      }
    },
    "nix4nvchad": {
      "inputs": {
        "nixpkgs": [
          "nixpkgs"
        ],
        "nvchad-starter": "nvchad-starter"
      },
      "locked": {
        "lastModified": 1788058735,
        "narHash": "sha256-QCjfQatWM1216or7VYxY6HtaiDx8jYdM0Rc9V5IGD4I=",
        "owner": "nix-community",
        "repo": "nix4nvchad",
        "rev": "822e31be40e444feb132a5f1e9d8471278db6720",
        "type": "github"
      },
      "original": {
        "owner": "nix-community",
        "repo": "nix4nvchad",
        "type": "github"
      }
    },
    "nixpkgs": {
      "locked": {
        "lastModified": 1749174413,
        "narHash": "sha256-urN9UMK5cd1dzhR+Lx0xHeTgBp2MatA5+6g9JaxjuQs=",
        "owner": "nixos",
        "repo": "nixpkgs",
        "rev": "6ad174a6dc07c7742fc64005265addf87ad08615",
        "type": "github"
      },
      "original": {
        "owner": "nixos",
        "ref": "nixpkgs-unstable",
        "repo": "nixpkgs",
        "type": "github"
      }
    },
    "nixpkgs_2": {
      "locked": {
        "lastModified": 1788405554,
        "narHash": "sha256-r2f1oUwixlgq9zOdYLqJLfS/lWBT60/IITjhTKI59JU=",
        "owner": "nixos",
        "repo": "nixpkgs",
        "rev": "a5cc6f2c37bf518436dc8d1c288ccd0c43c2f4c4",
        "type": "github"
      },
      "original": {
        "owner": "nixos",
        "ref": "nixos-26.05",
        "repo": "nixpkgs",
        "type": "github"
      }
    },
    "nvchad-starter": {
      "flake": false,
      "locked": {
        "lastModified": 1753939018,
        "narHash": "sha256-xdLr6tlU9uA+wu0pqha2br0fdVm+1MjgjbB5awz9ICU=",
        "owner": "NvChad",
        "repo": "starter",
        "rev": "e3572e1f5e1c297212c3deeb17b7863139ce663e",
        "type": "github"
      },
      "original": {
        "owner": "NvChad",
        "ref": "main",
        "repo": "starter",
        "type": "github"
      }
    },
    "root": {
      "inputs": {
        "claude-desktop": "claude-desktop",
        "home-manager": "home-manager",
        "nix4nvchad": "nix4nvchad",
        "nixpkgs": "nixpkgs_2"
      }
    },
    "systems": {
      "locked": {
        "lastModified": 1681028828,
        "narHash": "sha256-Vy1rq5AaRuLzOxct8nz4T6wlgyUR7zLU309k9mBC768=",
        "owner": "nix-systems",
        "repo": "default",
        "rev": "da67096a3b9bf56a91d16901293e51ba5b49a27e",
        "type": "github"
      },
      "original": {
        "owner": "nix-systems",
        "repo": "default",
        "type": "github"
      }
    }
  },
  "root": "root",
  "version": 7
}
